
Microsoft Visual Studio Solution File, Format Version 12.00
# Visual Studio Version 17
VisualStudioVersion = 17.14.36221.1 d17.14
MinimumVisualStudioVersion = 10.0.40219.1
Project("{FAE04EC0-301F-11D3-BF4B-00C04F79EFBC}") = "hesap_makinesi", "hesap_makinesi\hesap_makinesi.csproj", "{6CFDDB3E-C009-4735-8B3B-B6BF5FB1864A}"
EndProject
Global
	GlobalSection(SolutionConfigurationPlatforms) = preSolution
		Debug|Any CPU = Debug|Any CPU
		Release|Any CPU = Release|Any CPU
	EndGlobalSection
	GlobalSection(ProjectConfigurationPlatforms) = postSolution
		{6CFDDB3E-C009-4735-8B3B-B6BF5FB1864A}.Debug|Any CPU.ActiveCfg = Debug|Any CPU
		{6CFDDB3E-C009-4735-8B3B-B6BF5FB1864A}.Debug|Any CPU.Build.0 = Debug|Any CPU
		{6CFDDB3E-C009-4735-8B3B-B6BF5FB1864A}.Release|Any CPU.ActiveCfg = Release|Any CPU
		{6CFDDB3E-C009-4735-8B3B-B6BF5FB1864A}.Release|Any CPU.Build.0 = Release|Any CPU
	EndGlobalSection
	GlobalSection(SolutionProperties) = preSolution
		HideSolutionNode = FALSE
	EndGlobalSection
	GlobalSection(ExtensibilityGlobals) = postSolution
		SolutionGuid = {8F54D48E-2378-432D-94E0-F89FF2C89E24}
	EndGlobalSection
EndGlobal
